
Microsoft Visual Studio Solution File, Format Version 12.00
# Visual Studio Version 16
VisualStudioVersion = 16.0.30907.101
MinimumVisualStudioVersion = 10.0.40219.1
Project("{FAE04EC0-301F-11D3-BF4B-00C04F79EFBC}") = "CadastroCliente", "CadastroCliente\CadastroCliente.csproj", "{3FD1487D-D344-47A0-AD50-F7E7433E1427}"
EndProject
Global
	GlobalSection(SolutionConfigurationPlatforms) = preSolution
		Debug|Any CPU = Debug|Any CPU
		Release|Any CPU = Release|Any CPU
	EndGlobalSection
	GlobalSection(ProjectConfigurationPlatforms) = postSolution
		{3FD1487D-D344-47A0-AD50-F7E7433E1427}.Debug|Any CPU.ActiveCfg = Debug|Any CPU
		{3FD1487D-D344-47A0-AD50-F7E7433E1427}.Debug|Any CPU.Build.0 = Debug|Any CPU
		{3FD1487D-D344-47A0-AD50-F7E7433E1427}.Release|Any CPU.ActiveCfg = Release|Any CPU
		{3FD1487D-D344-47A0-AD50-F7E7433E1427}.Release|Any CPU.Build.0 = Release|Any CPU
	EndGlobalSection
	GlobalSection(SolutionProperties) = preSolution
		HideSolutionNode = FALSE
	EndGlobalSection
	GlobalSection(ExtensibilityGlobals) = postSolution
		SolutionGuid = {11451DED-7A97-472C-A959-B0E39C641183}
	EndGlobalSection
EndGlobal
